
Microsoft Visual Studio Solution File, Format Version 12.00
# Visual Studio Version 17
VisualStudioVersion = 17.11.35327.3
MinimumVisualStudioVersion = 10.0.40219.1
Project("{9A19103F-16F7-4668-BE54-9A1E7A4F7556}") = "Lab 01", "Lab 1\Lab 01.csproj", "{0211211B-C31F-4A43-9FB5-6F5C1F813C85}"
EndProject
Project("{9A19103F-16F7-4668-BE54-9A1E7A4F7556}") = "Lab 02", "Lab 2\Lab 02.csproj", "{5C0F3311-656C-465A-AC1D-33FF4A8EFEBC}"
EndProject
Project("{9A19103F-16F7-4668-BE54-9A1E7A4F7556}") = "Lab 03", "Lab 3\Lab 03.csproj", "{90F92EE9-E74C-475C-9086-60F2C10C7542}"
EndProject
Project("{9A19103F-16F7-4668-BE54-9A1E7A4F7556}") = "Lab 04", "Lab 4\Lab 04.csproj", "{8F7200D4-0CE0-455E-8DCC-75345577D36E}"
EndProject
Project("{9A19103F-16F7-4668-BE54-9A1E7A4F7556}") = "Lab 05", "Lab 5\Lab 05.csproj", "{CE255F84-D584-4E33-81B8-FFB1D51CE348}"
EndProject
Project("{9A19103F-16F7-4668-BE54-9A1E7A4F7556}") = "Lab 06", "Lab 6\Lab 06.csproj", "{C3C1B73B-F376-4205-998A-A2216AFDA8E4}"
EndProject
Project("{9A19103F-16F7-4668-BE54-9A1E7A4F7556}") = "Lab 08", "Lab 8\Lab 08.csproj", "{EA6215B9-C4B0-4A19-804C-2F860D14A8AD}"
EndProject
Project("{9A19103F-16F7-4668-BE54-9A1E7A4F7556}") = "Lab 09", "Lab 9\Lab 09.csproj", "{B5459297-561B-426B-8D89-60EF486E35F5}"
EndProject
Project("{9A19103F-16F7-4668-BE54-9A1E7A4F7556}") = "Lab 10 - a", "Lab 10\Lab 10 - a.csproj", "{B5303D59-3BDC-47FA-9F41-B27EAB54F0EA}"
EndProject
Project("{9A19103F-16F7-4668-BE54-9A1E7A4F7556}") = "Lab 11", "Lab 11\Lab 11.csproj", "{02FE5468-4A99-452B-AF1D-669517DB2413}"
EndProject
Project("{9A19103F-16F7-4668-BE54-9A1E7A4F7556}") = "Lab 10 - b", "Lab 10 - b\Lab 10 - b.csproj", "{BD71185A-08FF-4C26-9417-E18D65C48CB6}"
EndProject
Project("{9A19103F-16F7-4668-BE54-9A1E7A4F7556}") = "Lab 12", "Lab 12\Lab 12.csproj", "{4A155989-6781-4D51-9832-EC21F07518DF}"
EndProject
Project("{9A19103F-16F7-4668-BE54-9A1E7A4F7556}") = "Lab 13", "Lab 13\Lab 13.csproj", "{E1931CEB-60EC-43AE-B776-6C7338F1EC92}"
EndProject
Project("{9A19103F-16F7-4668-BE54-9A1E7A4F7556}") = "Lab 14", "Lab 14\Lab 14.csproj", "{B664B13C-D19F-473B-91E7-06E1C0B0E15C}"
EndProject
Project("{9A19103F-16F7-4668-BE54-9A1E7A4F7556}") = "Lab 15", "Lab 15\Lab 15.csproj", "{1FCBC6AA-DFA9-42D6-A6E0-D1DDFC7925A8}"
EndProject
Project("{9A19103F-16F7-4668-BE54-9A1E7A4F7556}") = "Lab 16", "Lab 16\Lab 16.csproj", "{2D4DA99E-5CFC-4CEF-B2AA-1A6594486E89}"
EndProject
Project("{9A19103F-16F7-4668-BE54-9A1E7A4F7556}") = "Lab 17", "Lab 17\Lab 17.csproj", "{A1F3092B-5099-4672-B6F3-A0BE5C88FA2B}"
EndProject
Project("{9A19103F-16F7-4668-BE54-9A1E7A4F7556}") = "Lab 18", "Lab 18\Lab 18.csproj", "{C5FE6A0E-1205-4F34-8211-DA25CF2AEBCA}"
EndProject
Project("{9A19103F-16F7-4668-BE54-9A1E7A4F7556}") = "Lab 19", "Lab 19\Lab 19.csproj", "{C8CF9BA9-1CAC-4FD3-B1AB-D89803E4C4AE}"
EndProject
Project("{9A19103F-16F7-4668-BE54-9A1E7A4F7556}") = "Lab 20", "Lab 20\Lab 20.csproj", "{BD667BCA-B420-43F7-BBD7-8FD212FD1A81}"
EndProject
Project("{FAE04EC0-301F-11D3-BF4B-00C04F79EFBC}") = "Lab 21", "Lab 21\Lab 21.csproj", "{FF158080-627E-43F7-BD5D-E4927F0A1E89}"
EndProject
Project("{FAE04EC0-301F-11D3-BF4B-00C04F79EFBC}") = "Lab 22", "Lab 22\Lab 22.csproj", "{DD0C45E5-331B-4F52-A567-0C71C5DB698C}"
EndProject
Project("{FAE04EC0-301F-11D3-BF4B-00C04F79EFBC}") = "Lab 23", "Lab 23\Lab 23.csproj", "{9B988CCB-4F00-4838-BD1B-654841C03744}"
EndProject
Project("{FAE04EC0-301F-11D3-BF4B-00C04F79EFBC}") = "Lab 24", "Lab 24\Lab 24.csproj", "{47055120-4CE2-4F01-9170-8367318A0995}"
EndProject
Project("{FAE04EC0-301F-11D3-BF4B-00C04F79EFBC}") = "Lab 25", "Lab 25\Lab 25.csproj", "{CFD98F85-5555-4E08-B92E-ECB5CD8B2CA7}"
EndProject
Project("{FAE04EC0-301F-11D3-BF4B-00C04F79EFBC}") = "Lab 26", "Lab 26\Lab 26.csproj", "{3C066D30-0BB1-4FFD-96C4-AFA5F412BD3E}"
EndProject
Global
	GlobalSection(SolutionConfigurationPlatforms) = preSolution
		Debug|Any CPU = Debug|Any CPU
		Release|Any CPU = Release|Any CPU
	EndGlobalSection
	GlobalSection(ProjectConfigurationPlatforms) = postSolution
		{0211211B-C31F-4A43-9FB5-6F5C1F813C85}.Debug|Any CPU.ActiveCfg = Debug|Any CPU
		{0211211B-C31F-4A43-9FB5-6F5C1F813C85}.Debug|Any CPU.Build.0 = Debug|Any CPU
		{0211211B-C31F-4A43-9FB5-6F5C1F813C85}.Release|Any CPU.ActiveCfg = Release|Any CPU
		{0211211B-C31F-4A43-9FB5-6F5C1F813C85}.Release|Any CPU.Build.0 = Release|Any CPU
		{5C0F3311-656C-465A-AC1D-33FF4A8EFEBC}.Debug|Any CPU.ActiveCfg = Debug|Any CPU
		{5C0F3311-656C-465A-AC1D-33FF4A8EFEBC}.Debug|Any CPU.Build.0 = Debug|Any CPU
		{5C0F3311-656C-465A-AC1D-33FF4A8EFEBC}.Release|Any CPU.ActiveCfg = Release|Any CPU
		{5C0F3311-656C-465A-AC1D-33FF4A8EFEBC}.Release|Any CPU.Build.0 = Release|Any CPU
		{90F92EE9-E74C-475C-9086-60F2C10C7542}.Debug|Any CPU.ActiveCfg = Debug|Any CPU
		{90F92EE9-E74C-475C-9086-60F2C10C7542}.Debug|Any CPU.Build.0 = Debug|Any CPU
		{90F92EE9-E74C-475C-9086-60F2C10C7542}.Release|Any CPU.ActiveCfg = Release|Any CPU
		{90F92EE9-E74C-475C-9086-60F2C10C7542}.Release|Any CPU.Build.0 = Release|Any CPU
		{8F7200D4-0CE0-455E-8DCC-75345577D36E}.Debug|Any CPU.ActiveCfg = Debug|Any CPU
		{8F7200D4-0CE0-455E-8DCC-75345577D36E}.Debug|Any CPU.Build.0 = Debug|Any CPU
		{8F7200D4-0CE0-455E-8DCC-75345577D36E}.Release|Any CPU.ActiveCfg = Release|Any CPU
		{8F7200D4-0CE0-455E-8DCC-75345577D36E}.Release|Any CPU.Build.0 = Release|Any CPU
		{CE255F84-D584-4E33-81B8-FFB1D51CE348}.Debug|Any CPU.ActiveCfg = Debug|Any CPU
		{CE255F84-D584-4E33-81B8-FFB1D51CE348}.Debug|Any CPU.Build.0 = Debug|Any CPU
		{CE255F84-D584-4E33-81B8-FFB1D51CE348}.Release|Any CPU.ActiveCfg = Release|Any CPU
		{CE255F84-D584-4E33-81B8-FFB1D51CE348}.Release|Any CPU.Build.0 = Release|Any CPU
		{C3C1B73B-F376-4205-998A-A2216AFDA8E4}.Debug|Any CPU.ActiveCfg = Debug|Any CPU
		{C3C1B73B-F376-4205-998A-A2216AFDA8E4}.Debug|Any CPU.Build.0 = Debug|Any CPU
		{C3C1B73B-F376-4205-998A-A2216AFDA8E4}.Release|Any CPU.ActiveCfg = Release|Any CPU
		{C3C1B73B-F376-4205-998A-A2216AFDA8E4}.Release|Any CPU.Build.0 = Release|Any CPU
		{EA6215B9-C4B0-4A19-804C-2F860D14A8AD}.Debug|Any CPU.ActiveCfg = Debug|Any CPU
		{EA6215B9-C4B0-4A19-804C-2F860D14A8AD}.Debug|Any CPU.Build.0 = Debug|Any CPU
		{EA6215B9-C4B0-4A19-804C-2F860D14A8AD}.Release|Any CPU.ActiveCfg = Release|Any CPU
		{EA6215B9-C4B0-4A19-804C-2F860D14A8AD}.Release|Any CPU.Build.0 = Release|Any CPU
		{B5459297-561B-426B-8D89-60EF486E35F5}.Debug|Any CPU.ActiveCfg = Debug|Any CPU
		{B5459297-561B-426B-8D89-60EF486E35F5}.Debug|Any CPU.Build.0 = Debug|Any CPU
		{B5459297-561B-426B-8D89-60EF486E35F5}.Release|Any CPU.ActiveCfg = Release|Any CPU
		{B5459297-561B-426B-8D89-60EF486E35F5}.Release|Any CPU.Build.0 = Release|Any CPU
		{B5303D59-3BDC-47FA-9F41-B27EAB54F0EA}.Debug|Any CPU.ActiveCfg = Debug|Any CPU
		{B5303D59-3BDC-47FA-9F41-B27EAB54F0EA}.Debug|Any CPU.Build.0 = Debug|Any CPU
		{B5303D59-3BDC-47FA-9F41-B27EAB54F0EA}.Release|Any CPU.ActiveCfg = Release|Any CPU
		{B5303D59-3BDC-47FA-9F41-B27EAB54F0EA}.Release|Any CPU.Build.0 = Release|Any CPU
		{02FE5468-4A99-452B-AF1D-669517DB2413}.Debug|Any CPU.ActiveCfg = Debug|Any CPU
		{02FE5468-4A99-452B-AF1D-669517DB2413}.Debug|Any CPU.Build.0 = Debug|Any CPU
		{02FE5468-4A99-452B-AF1D-669517DB2413}.Release|Any CPU.ActiveCfg = Release|Any CPU
		{02FE5468-4A99-452B-AF1D-669517DB2413}.Release|Any CPU.Build.0 = Release|Any CPU
		{BD71185A-08FF-4C26-9417-E18D65C48CB6}.Debug|Any CPU.ActiveCfg = Debug|Any CPU
		{BD71185A-08FF-4C26-9417-E18D65C48CB6}.Debug|Any CPU.Build.0 = Debug|Any CPU
		{BD71185A-08FF-4C26-9417-E18D65C48CB6}.Release|Any CPU.ActiveCfg = Release|Any CPU
		{BD71185A-08FF-4C26-9417-E18D65C48CB6}.Release|Any CPU.Build.0 = Release|Any CPU
		{4A155989-6781-4D51-9832-EC21F07518DF}.Debug|Any CPU.ActiveCfg = Debug|Any CPU
		{4A155989-6781-4D51-9832-EC21F07518DF}.Debug|Any CPU.Build.0 = Debug|Any CPU
		{4A155989-6781-4D51-9832-EC21F07518DF}.Release|Any CPU.ActiveCfg = Release|Any CPU
		{4A155989-6781-4D51-9832-EC21F07518DF}.Release|Any CPU.Build.0 = Release|Any CPU
		{E1931CEB-60EC-43AE-B776-6C7338F1EC92}.Debug|Any CPU.ActiveCfg = Debug|Any CPU
		{E1931CEB-60EC-43AE-B776-6C7338F1EC92}.Debug|Any CPU.Build.0 = Debug|Any CPU
		{E1931CEB-60EC-43AE-B776-6C7338F1EC92}.Release|Any CPU.ActiveCfg = Release|Any CPU
		{E1931CEB-60EC-43AE-B776-6C7338F1EC92}.Release|Any CPU.Build.0 = Release|Any CPU
		{B664B13C-D19F-473B-91E7-06E1C0B0E15C}.Debug|Any CPU.ActiveCfg = Debug|Any CPU
		{B664B13C-D19F-473B-91E7-06E1C0B0E15C}.Debug|Any CPU.Build.0 = Debug|Any CPU
		{B664B13C-D19F-473B-91E7-06E1C0B0E15C}.Release|Any CPU.ActiveCfg = Release|Any CPU
		{B664B13C-D19F-473B-91E7-06E1C0B0E15C}.Release|Any CPU.Build.0 = Release|Any CPU
		{1FCBC6AA-DFA9-42D6-A6E0-D1DDFC7925A8}.Debug|Any CPU.ActiveCfg = Debug|Any CPU
		{1FCBC6AA-DFA9-42D6-A6E0-D1DDFC7925A8}.Debug|Any CPU.Build.0 = Debug|Any CPU
		{1FCBC6AA-DFA9-42D6-A6E0-D1DDFC7925A8}.Release|Any CPU.ActiveCfg = Release|Any CPU
		{1FCBC6AA-DFA9-42D6-A6E0-D1DDFC7925A8}.Release|Any CPU.Build.0 = Release|Any CPU
		{2D4DA99E-5CFC-4CEF-B2AA-1A6594486E89}.Debug|Any CPU.ActiveCfg = Debug|Any CPU
		{2D4DA99E-5CFC-4CEF-B2AA-1A6594486E89}.Debug|Any CPU.Build.0 = Debug|Any CPU
		{2D4DA99E-5CFC-4CEF-B2AA-1A6594486E89}.Release|Any CPU.ActiveCfg = Release|Any CPU
		{2D4DA99E-5CFC-4CEF-B2AA-1A6594486E89}.Release|Any CPU.Build.0 = Release|Any CPU
		{A1F3092B-5099-4672-B6F3-A0BE5C88FA2B}.Debug|Any CPU.ActiveCfg = Debug|Any CPU
		{A1F3092B-5099-4672-B6F3-A0BE5C88FA2B}.Debug|Any CPU.Build.0 = Debug|Any CPU
		{A1F3092B-5099-4672-B6F3-A0BE5C88FA2B}.Release|Any CPU.ActiveCfg = Release|Any CPU
		{A1F3092B-5099-4672-B6F3-A0BE5C88FA2B}.Release|Any CPU.Build.0 = Release|Any CPU
		{C5FE6A0E-1205-4F34-8211-DA25CF2AEBCA}.Debug|Any CPU.ActiveCfg = Debug|Any CPU
		{C5FE6A0E-1205-4F34-8211-DA25CF2AEBCA}.Debug|Any CPU.Build.0 = Debug|Any CPU
		{C5FE6A0E-1205-4F34-8211-DA25CF2AEBCA}.Release|Any CPU.ActiveCfg = Release|Any CPU
		{C5FE6A0E-1205-4F34-8211-DA25CF2AEBCA}.Release|Any CPU.Build.0 = Release|Any CPU
		{C8CF9BA9-1CAC-4FD3-B1AB-D89803E4C4AE}.Debug|Any CPU.ActiveCfg = Debug|Any CPU
		{C8CF9BA9-1CAC-4FD3-B1AB-D89803E4C4AE}.Debug|Any CPU.Build.0 = Debug|Any CPU
		{C8CF9BA9-1CAC-4FD3-B1AB-D89803E4C4AE}.Release|Any CPU.ActiveCfg = Release|Any CPU
		{C8CF9BA9-1CAC-4FD3-B1AB-D89803E4C4AE}.Release|Any CPU.Build.0 = Release|Any CPU
		{BD667BCA-B420-43F7-BBD7-8FD212FD1A81}.Debug|Any CPU.ActiveCfg = Debug|Any CPU
		{BD667BCA-B420-43F7-BBD7-8FD212FD1A81}.Debug|Any CPU.Build.0 = Debug|Any CPU
		{BD667BCA-B420-43F7-BBD7-8FD212FD1A81}.Release|Any CPU.ActiveCfg = Release|Any CPU
		{BD667BCA-B420-43F7-BBD7-8FD212FD1A81}.Release|Any CPU.Build.0 = Release|Any CPU
		{FF158080-627E-43F7-BD5D-E4927F0A1E89}.Debug|Any CPU.ActiveCfg = Debug|Any CPU
		{FF158080-627E-43F7-BD5D-E4927F0A1E89}.Debug|Any CPU.Build.0 = Debug|Any CPU
		{FF158080-627E-43F7-BD5D-E4927F0A1E89}.Release|Any CPU.ActiveCfg = Release|Any CPU
		{FF158080-627E-43F7-BD5D-E4927F0A1E89}.Release|Any CPU.Build.0 = Release|Any CPU
		{DD0C45E5-331B-4F52-A567-0C71C5DB698C}.Debug|Any CPU.ActiveCfg = Debug|Any CPU
		{DD0C45E5-331B-4F52-A567-0C71C5DB698C}.Debug|Any CPU.Build.0 = Debug|Any CPU
		{DD0C45E5-331B-4F52-A567-0C71C5DB698C}.Release|Any CPU.ActiveCfg = Release|Any CPU
		{DD0C45E5-331B-4F52-A567-0C71C5DB698C}.Release|Any CPU.Build.0 = Release|Any CPU
		{9B988CCB-4F00-4838-BD1B-654841C03744}.Debug|Any CPU.ActiveCfg = Debug|Any CPU
		{9B988CCB-4F00-4838-BD1B-654841C03744}.Debug|Any CPU.Build.0 = Debug|Any CPU
		{9B988CCB-4F00-4838-BD1B-654841C03744}.Release|Any CPU.ActiveCfg = Release|Any CPU
		{9B988CCB-4F00-4838-BD1B-654841C03744}.Release|Any CPU.Build.0 = Release|Any CPU
		{47055120-4CE2-4F01-9170-8367318A0995}.Debug|Any CPU.ActiveCfg = Debug|Any CPU
		{47055120-4CE2-4F01-9170-8367318A0995}.Debug|Any CPU.Build.0 = Debug|Any CPU
		{47055120-4CE2-4F01-9170-8367318A0995}.Release|Any CPU.ActiveCfg = Release|Any CPU
		{47055120-4CE2-4F01-9170-8367318A0995}.Release|Any CPU.Build.0 = Release|Any CPU
		{CFD98F85-5555-4E08-B92E-ECB5CD8B2CA7}.Debug|Any CPU.ActiveCfg = Debug|Any CPU
		{CFD98F85-5555-4E08-B92E-ECB5CD8B2CA7}.Debug|Any CPU.Build.0 = Debug|Any CPU
		{CFD98F85-5555-4E08-B92E-ECB5CD8B2CA7}.Release|Any CPU.ActiveCfg = Release|Any CPU
		{CFD98F85-5555-4E08-B92E-ECB5CD8B2CA7}.Release|Any CPU.Build.0 = Release|Any CPU
		{3C066D30-0BB1-4FFD-96C4-AFA5F412BD3E}.Debug|Any CPU.ActiveCfg = Debug|Any CPU
		{3C066D30-0BB1-4FFD-96C4-AFA5F412BD3E}.Debug|Any CPU.Build.0 = Debug|Any CPU
		{3C066D30-0BB1-4FFD-96C4-AFA5F412BD3E}.Release|Any CPU.ActiveCfg = Release|Any CPU
		{3C066D30-0BB1-4FFD-96C4-AFA5F412BD3E}.Release|Any CPU.Build.0 = Release|Any CPU
	EndGlobalSection
	GlobalSection(SolutionProperties) = preSolution
		HideSolutionNode = FALSE
	EndGlobalSection
	GlobalSection(ExtensibilityGlobals) = postSolution
		SolutionGuid = {D94327D7-F20C-4386-B689-C0E8BB2F2749}
	EndGlobalSection
EndGlobal
